
Microsoft Visual Studio Solution File, Format Version 12.00
# Visual Studio Version 17
VisualStudioVersion = 17.0.31903.59
MinimumVisualStudioVersion = 10.0.40219.1
Project("{FAE04EC0-301F-11D3-BF4B-00C04F79EFBC}") = "BalancedBrackets", "BalancedBrackets\BalancedBrackets.csproj", "{8A493FC9-DC91-4BDC-8D87-14F72E8ABD3E}"
EndProject
Project("{FAE04EC0-301F-11D3-BF4B-00C04F79EFBC}") = "UnitTests", "UnitTests\UnitTests.csproj", "{79348929-67B9-4BE7-95BF-69F2FCDD1747}"
EndProject
Project("{FAE04EC0-301F-11D3-BF4B-00C04F79EFBC}") = "TwoSum", "TwoSum\TwoSum.csproj", "{DD0037B7-D404-4967-BC15-3FE90CAE9EAE}"
EndProject
Project("{FAE04EC0-301F-11D3-BF4B-00C04F79EFBC}") = "Palindrome Number", "Palindrome Number\Palindrome Number.csproj", "{C63425CA-1715-484D-BDA5-3C3471330A4B}"
EndProject
Project("{FAE04EC0-301F-11D3-BF4B-00C04F79EFBC}") = "Roman to Integer", "Roman to Integer\Roman to Integer.csproj", "{53674C2F-91A4-4827-9625-2AA43C00EECE}"
EndProject
Project("{FAE04EC0-301F-11D3-BF4B-00C04F79EFBC}") = "Sort Array By Parity", "Sort Array By Parity\Sort Array By Parity.csproj", "{98480A68-602D-4873-AF57-33C0632F19AF}"
EndProject
Global
	GlobalSection(SolutionConfigurationPlatforms) = preSolution
		Debug|Any CPU = Debug|Any CPU
		Release|Any CPU = Release|Any CPU
	EndGlobalSection
	GlobalSection(SolutionProperties) = preSolution
		HideSolutionNode = FALSE
	EndGlobalSection
	GlobalSection(ProjectConfigurationPlatforms) = postSolution
		{8A493FC9-DC91-4BDC-8D87-14F72E8ABD3E}.Debug|Any CPU.ActiveCfg = Debug|Any CPU
		{8A493FC9-DC91-4BDC-8D87-14F72E8ABD3E}.Debug|Any CPU.Build.0 = Debug|Any CPU
		{8A493FC9-DC91-4BDC-8D87-14F72E8ABD3E}.Release|Any CPU.ActiveCfg = Release|Any CPU
		{8A493FC9-DC91-4BDC-8D87-14F72E8ABD3E}.Release|Any CPU.Build.0 = Release|Any CPU
		{79348929-67B9-4BE7-95BF-69F2FCDD1747}.Debug|Any CPU.ActiveCfg = Debug|Any CPU
		{79348929-67B9-4BE7-95BF-69F2FCDD1747}.Debug|Any CPU.Build.0 = Debug|Any CPU
		{79348929-67B9-4BE7-95BF-69F2FCDD1747}.Release|Any CPU.ActiveCfg = Release|Any CPU
		{79348929-67B9-4BE7-95BF-69F2FCDD1747}.Release|Any CPU.Build.0 = Release|Any CPU
		{DD0037B7-D404-4967-BC15-3FE90CAE9EAE}.Debug|Any CPU.ActiveCfg = Debug|Any CPU
		{DD0037B7-D404-4967-BC15-3FE90CAE9EAE}.Debug|Any CPU.Build.0 = Debug|Any CPU
		{DD0037B7-D404-4967-BC15-3FE90CAE9EAE}.Release|Any CPU.ActiveCfg = Release|Any CPU
		{DD0037B7-D404-4967-BC15-3FE90CAE9EAE}.Release|Any CPU.Build.0 = Release|Any CPU
		{C63425CA-1715-484D-BDA5-3C3471330A4B}.Debug|Any CPU.ActiveCfg = Debug|Any CPU
		{C63425CA-1715-484D-BDA5-3C3471330A4B}.Debug|Any CPU.Build.0 = Debug|Any CPU
		{C63425CA-1715-484D-BDA5-3C3471330A4B}.Release|Any CPU.ActiveCfg = Release|Any CPU
		{C63425CA-1715-484D-BDA5-3C3471330A4B}.Release|Any CPU.Build.0 = Release|Any CPU
		{53674C2F-91A4-4827-9625-2AA43C00EECE}.Debug|Any CPU.ActiveCfg = Debug|Any CPU
		{53674C2F-91A4-4827-9625-2AA43C00EECE}.Debug|Any CPU.Build.0 = Debug|Any CPU
		{53674C2F-91A4-4827-9625-2AA43C00EECE}.Release|Any CPU.ActiveCfg = Release|Any CPU
		{53674C2F-91A4-4827-9625-2AA43C00EECE}.Release|Any CPU.Build.0 = Release|Any CPU
		{98480A68-602D-4873-AF57-33C0632F19AF}.Debug|Any CPU.ActiveCfg = Debug|Any CPU
		{98480A68-602D-4873-AF57-33C0632F19AF}.Debug|Any CPU.Build.0 = Debug|Any CPU
		{98480A68-602D-4873-AF57-33C0632F19AF}.Release|Any CPU.ActiveCfg = Release|Any CPU
		{98480A68-602D-4873-AF57-33C0632F19AF}.Release|Any CPU.Build.0 = Release|Any CPU
	EndGlobalSection
EndGlobal
